# This is a Gradle generated file for dependency locking.
# Manual edits can break the build and are not advised.
# This file is expected to be part of source control.
androidx.room:room-gradle-plugin:2.6.1=compileClasspath,compileOnlyDependenciesMetadata
ch.qos.logback:logback-classic:1.3.5=ktlint
ch.qos.logback:logback-core:1.3.5=ktlint
com.android.tools.build:apksig:8.5.2=compileClasspath,compileOnlyDependenciesMetadata
com.android.tools.build:apkzlib:8.5.2=compileClasspath,compileOnlyDependenciesMetadata
com.android.tools.build:builder-model:8.5.2=compileClasspath,compileOnlyDependenciesMetadata
com.android.tools.build:builder:8.5.2=compileClasspath,compileOnlyDependenciesMetadata
com.android.tools.build:gradle-api:8.5.2=compileClasspath,compileOnlyDependenciesMetadata
com.android.tools.build:gradle:8.5.2=compileClasspath,compileOnlyDependenciesMetadata
com.android.tools.build:manifest-merger:31.5.2=compileClasspath,compileOnlyDependenciesMetadata
com.android.tools:annotations:31.7.3=compileClasspath,compileOnlyDependenciesMetadata
com.android.tools:common:31.7.3=compileClasspath,compileOnlyDependenciesMetadata
com.android:zipflinger:8.5.2=compileClasspath,compileOnlyDependenciesMetadata
com.google.auto.value:auto-value-annotations:1.10.1=compileClasspath,implementationDependenciesMetadata,runtimeClasspath,testCompileClasspath,testImplementationDependenciesMetadata,testRuntimeClasspath
com.google.code.findbugs:jsr305:3.0.2=compileClasspath,compileOnlyDependenciesMetadata,implementationDependenciesMetadata,runtimeClasspath,testCompileClasspath,testImplementationDependenciesMetadata,testRuntimeClasspath
com.google.devtools.ksp:com.google.devtools.ksp.gradle.plugin:1.9.22-1.0.17=compileClasspath,compileOnlyDependenciesMetadata
com.google.devtools.ksp:symbol-processing-gradle-plugin:1.9.22-1.0.17=compileClasspath,compileOnlyDependenciesMetadata
com.google.errorprone:error_prone_annotations:2.18.0=compileOnlyDependenciesMetadata
com.google.errorprone:error_prone_annotations:2.19.1=compileClasspath,implementationDependenciesMetadata,runtimeClasspath,testCompileClasspath,testImplementationDependenciesMetadata,testRuntimeClasspath
com.google.firebase:firebase-crashlytics-gradle:3.0.2=compileClasspath,compileOnlyDependenciesMetadata
com.google.firebase:perf-plugin:1.4.2=compileClasspath,compileOnlyDependenciesMetadata
com.google.guava:failureaccess:1.0.1=compileClasspath,compileOnlyDependenciesMetadata,implementationDependenciesMetadata,runtimeClasspath,testCompileClasspath,testImplementationDependenciesMetadata,testRuntimeClasspath
com.google.guava:guava:32.0.1-android=implementationDependenciesMetadata,runtimeClasspath,testCompileClasspath,testImplementationDependenciesMetadata,testRuntimeClasspath
com.google.guava:guava:32.0.1-jre=compileClasspath,compileOnlyDependenciesMetadata
com.google.guava:listenablefuture:9999.0-empty-to-avoid-conflict-with-guava=compileClasspath,compileOnlyDependenciesMetadata,implementationDependenciesMetadata,runtimeClasspath,testCompileClasspath,testImplementationDependenciesMetadata,testRuntimeClasspath
com.google.j2objc:j2objc-annotations:2.8=compileClasspath,compileOnlyDependenciesMetadata,implementationDependenciesMetadata,runtimeClasspath,testCompileClasspath,testImplementationDependenciesMetadata,testRuntimeClasspath
com.google.truth:truth:1.1.5=compileClasspath,implementationDependenciesMetadata,runtimeClasspath,testCompileClasspath,testImplementationDependenciesMetadata,testRuntimeClasspath
com.pinterest.ktlint:ktlint-cli-reporter-baseline:1.0.1=ktlint,ktlintBaselineReporter
com.pinterest.ktlint:ktlint-cli-reporter-checkstyle:1.0.1=ktlint
com.pinterest.ktlint:ktlint-cli-reporter-core:1.0.1=ktlint,ktlintBaselineReporter
com.pinterest.ktlint:ktlint-cli-reporter-format:1.0.1=ktlint
com.pinterest.ktlint:ktlint-cli-reporter-html:1.0.1=ktlint
com.pinterest.ktlint:ktlint-cli-reporter-json:1.0.1=ktlint
com.pinterest.ktlint:ktlint-cli-reporter-plain-summary:1.0.1=ktlint
com.pinterest.ktlint:ktlint-cli-reporter-plain:1.0.1=ktlint
com.pinterest.ktlint:ktlint-cli-reporter-sarif:1.0.1=ktlint
com.pinterest.ktlint:ktlint-cli-ruleset-core:1.0.1=ktlint,ktlintRuleset
com.pinterest.ktlint:ktlint-cli:1.0.1=ktlint
com.pinterest.ktlint:ktlint-logger:1.0.1=ktlint,ktlintBaselineReporter,ktlintRuleset
com.pinterest.ktlint:ktlint-rule-engine-core:1.0.1=ktlint,ktlintBaselineReporter,ktlintRuleset
com.pinterest.ktlint:ktlint-rule-engine:1.0.1=ktlint,ktlintRuleset
com.pinterest.ktlint:ktlint-ruleset-standard:1.0.1=ktlint,ktlintRuleset
com.squareup:javawriter:2.5.0=compileClasspath,compileOnlyDependenciesMetadata
dev.drewhamilton.poko:poko-annotations-jvm:0.15.0=ktlint,ktlintBaselineReporter,ktlintRuleset
dev.drewhamilton.poko:poko-annotations:0.15.0=ktlint,ktlintBaselineReporter,ktlintRuleset
info.picocli:picocli:4.7.5=ktlint
io.github.detekt.sarif4k:sarif4k-jvm:0.5.0=ktlint,ktlintReporter
io.github.detekt.sarif4k:sarif4k:0.5.0=ktlint,ktlintReporter
io.github.oshai:kotlin-logging-jvm:5.1.0=ktlint,ktlintBaselineReporter,ktlintReporter,ktlintRuleset
io.github.oshai:kotlin-logging:5.1.0=ktlint,ktlintBaselineReporter,ktlintReporter
io.nlopez.compose.rules:common:0.4.19=ktlintRuleset
io.nlopez.compose.rules:ktlint:0.4.19=ktlintRuleset
junit:junit:4.13.2=compileClasspath,implementationDependenciesMetadata,runtimeClasspath,testCompileClasspath,testImplementationDependenciesMetadata,testRuntimeClasspath
org.checkerframework:checker-qual:3.33.0=compileOnlyDependenciesMetadata
org.checkerframework:checker-qual:3.35.0=compileClasspath,implementationDependenciesMetadata,runtimeClasspath,testCompileClasspath,testImplementationDependenciesMetadata,testRuntimeClasspath
org.ec4j.core:ec4j-core:0.3.0=ktlint,ktlintBaselineReporter,ktlintRuleset
org.hamcrest:hamcrest-core:1.3=compileClasspath,implementationDependenciesMetadata,runtimeClasspath,testCompileClasspath,testImplementationDependenciesMetadata,testRuntimeClasspath
org.jetbrains.intellij.deps:trove4j:1.0.20200330=kotlinBuildToolsApiClasspath,kotlinCompilerClasspath,kotlinKlibCommonizerClasspath,ktlint,ktlintBaselineReporter,ktlintRuleset
org.jetbrains.kotlin:kotlin-assignment-compiler-plugin-embeddable:1.9.22=kotlinCompilerPluginClasspathMain,kotlinCompilerPluginClasspathTest
org.jetbrains.kotlin:kotlin-build-common:1.9.22=kotlinBuildToolsApiClasspath
org.jetbrains.kotlin:kotlin-build-tools-api:1.9.22=kotlinBuildToolsApiClasspath
org.jetbrains.kotlin:kotlin-build-tools-impl:1.9.22=kotlinBuildToolsApiClasspath
org.jetbrains.kotlin:kotlin-compiler-embeddable:1.9.10=ktlint,ktlintBaselineReporter,ktlintRuleset
org.jetbrains.kotlin:kotlin-compiler-embeddable:1.9.22=kotlinBuildToolsApiClasspath,kotlinCompilerClasspath,kotlinKlibCommonizerClasspath
org.jetbrains.kotlin:kotlin-compiler-runner:1.9.22=kotlinBuildToolsApiClasspath
org.jetbrains.kotlin:kotlin-daemon-client:1.9.22=kotlinBuildToolsApiClasspath
org.jetbrains.kotlin:kotlin-daemon-embeddable:1.9.10=ktlint,ktlintBaselineReporter,ktlintRuleset
org.jetbrains.kotlin:kotlin-daemon-embeddable:1.9.22=kotlinBuildToolsApiClasspath,kotlinCompilerClasspath,kotlinKlibCommonizerClasspath
org.jetbrains.kotlin:kotlin-gradle-plugin-annotations:1.9.22=compileClasspath,compileOnlyDependenciesMetadata
org.jetbrains.kotlin:kotlin-gradle-plugin-api:1.9.22=compileClasspath,compileOnlyDependenciesMetadata
org.jetbrains.kotlin:kotlin-gradle-plugin-model:1.9.22=compileClasspath,compileOnlyDependenciesMetadata
org.jetbrains.kotlin:kotlin-gradle-plugin:1.9.22=compileClasspath,compileOnlyDependenciesMetadata
org.jetbrains.kotlin:kotlin-gradle-plugins-bom:1.9.22=compileClasspath,compileOnlyDependenciesMetadata
org.jetbrains.kotlin:kotlin-klib-commonizer-embeddable:1.9.22=kotlinKlibCommonizerClasspath
org.jetbrains.kotlin:kotlin-native-utils:1.9.22=compileClasspath,compileOnlyDependenciesMetadata
org.jetbrains.kotlin:kotlin-project-model:1.9.22=compileClasspath,compileOnlyDependenciesMetadata
org.jetbrains.kotlin:kotlin-reflect:1.6.10=kotlinBuildToolsApiClasspath,kotlinCompilerClasspath,kotlinKlibCommonizerClasspath,ktlint,ktlintBaselineReporter,ktlintRuleset
org.jetbrains.kotlin:kotlin-reflect:1.9.22=compileClasspath,compileOnlyDependenciesMetadata,embeddedKotlin,testCompileClasspath,testImplementationDependenciesMetadata,testRuntimeClasspath
org.jetbrains.kotlin:kotlin-sam-with-receiver-compiler-plugin-embeddable:1.9.22=kotlinCompilerPluginClasspathMain,kotlinCompilerPluginClasspathTest
org.jetbrains.kotlin:kotlin-script-runtime:1.9.10=ktlint,ktlintBaselineReporter,ktlintRuleset
org.jetbrains.kotlin:kotlin-script-runtime:1.9.22=kotlinBuildToolsApiClasspath,kotlinCompilerClasspath,kotlinCompilerPluginClasspathMain,kotlinCompilerPluginClasspathTest,kotlinKlibCommonizerClasspath
org.jetbrains.kotlin:kotlin-scripting-common:1.9.22=kotlinCompilerPluginClasspathMain,kotlinCompilerPluginClasspathTest
org.jetbrains.kotlin:kotlin-scripting-compiler-embeddable:1.9.22=kotlinCompilerPluginClasspathMain,kotlinCompilerPluginClasspathTest
org.jetbrains.kotlin:kotlin-scripting-compiler-impl-embeddable:1.9.22=kotlinCompilerPluginClasspathMain,kotlinCompilerPluginClasspathTest
org.jetbrains.kotlin:kotlin-scripting-jvm:1.9.22=kotlinCompilerPluginClasspathMain,kotlinCompilerPluginClasspathTest
org.jetbrains.kotlin:kotlin-stdlib-common:1.9.10=ktlint,ktlintBaselineReporter,ktlintReporter,ktlintRuleset
org.jetbrains.kotlin:kotlin-stdlib-jdk7:1.9.0=compileClasspath,compileOnlyDependenciesMetadata
org.jetbrains.kotlin:kotlin-stdlib-jdk7:1.9.10=ktlint,ktlintBaselineReporter,ktlintReporter,ktlintRuleset
org.jetbrains.kotlin:kotlin-stdlib-jdk8:1.9.0=compileClasspath,compileOnlyDependenciesMetadata
org.jetbrains.kotlin:kotlin-stdlib-jdk8:1.9.10=ktlint,ktlintBaselineReporter,ktlintReporter,ktlintRuleset
org.jetbrains.kotlin:kotlin-stdlib:1.9.10=ktlint,ktlintBaselineReporter,ktlintReporter,ktlintRuleset
org.jetbrains.kotlin:kotlin-stdlib:1.9.22=compileClasspath,compileOnlyDependenciesMetadata,embeddedKotlin,kotlinBuildToolsApiClasspath,kotlinCompilerClasspath,kotlinCompilerPluginClasspathMain,kotlinCompilerPluginClasspathTest,kotlinKlibCommonizerClasspath,testCompileClasspath,testImplementationDependenciesMetadata,testRuntimeClasspath
org.jetbrains.kotlin:kotlin-tooling-core:1.9.22=compileClasspath,compileOnlyDependenciesMetadata
org.jetbrains.kotlin:kotlin-util-io:1.9.22=compileClasspath,compileOnlyDependenciesMetadata
org.jetbrains.kotlin:kotlin-util-klib:1.9.22=compileClasspath,compileOnlyDependenciesMetadata
org.jetbrains.kotlinx:kotlinx-coroutines-core-jvm:1.5.0=kotlinBuildToolsApiClasspath
org.jetbrains.kotlinx:kotlinx-serialization-core-jvm:1.4.1=ktlintReporter
org.jetbrains.kotlinx:kotlinx-serialization-core:1.4.1=ktlintReporter
org.jetbrains.kotlinx:kotlinx-serialization-json-jvm:1.4.1=ktlintReporter
org.jetbrains.kotlinx:kotlinx-serialization-json:1.4.1=ktlintReporter
org.jetbrains:annotations:13.0=compileClasspath,embeddedKotlin,kotlinBuildToolsApiClasspath,kotlinCompilerClasspath,kotlinCompilerPluginClasspathMain,kotlinCompilerPluginClasspathTest,kotlinKlibCommonizerClasspath,ktlint,ktlintBaselineReporter,ktlintReporter,ktlintRuleset,testCompileClasspath,testRuntimeClasspath
org.jlleitschuh.gradle:ktlint-gradle:12.1.0=compileClasspath,compileOnlyDependenciesMetadata
org.ow2.asm:asm-analysis:9.0=compileClasspath,compileOnlyDependenciesMetadata
org.ow2.asm:asm-commons:9.0=compileClasspath,compileOnlyDependenciesMetadata
org.ow2.asm:asm-tree:9.0=compileClasspath,compileOnlyDependenciesMetadata
org.ow2.asm:asm:9.5=implementationDependenciesMetadata,runtimeClasspath,testCompileClasspath,testImplementationDependenciesMetadata,testRuntimeClasspath
org.ow2.asm:asm:9.6=compileClasspath,compileOnlyDependenciesMetadata
org.slf4j:slf4j-api:2.0.4=ktlint
empty=annotationProcessor,apiDependenciesMetadata,intransitiveDependenciesMetadata,kotlinCompilerPluginClasspath,kotlinNativeCompilerPluginClasspath,kotlinScriptDef,kotlinScriptDefExtensions,testAnnotationProcessor,testApiDependenciesMetadata,testCompileOnlyDependenciesMetadata,testIntransitiveDependenciesMetadata,testKotlinScriptDef,testKotlinScriptDefExtensions
